
Microsoft Visual Studio Solution File, Format Version 12.00
# Visual Studio Version 17
VisualStudioVersion = 17.0.32014.148
MinimumVisualStudioVersion = 10.0.40219.1
Project("{2150E333-8FDC-42A3-9474-1A3956D46DE8}") = "ApiGateWay", "ApiGateWay", "{83CEF6C0-1339-41C1-A47E-D583F1A665CC}"
EndProject
Project("{9A19103F-16F7-4668-BE54-9A1E7A4F7556}") = "Telephone_ISS_ACS.ApiGateWay", "Telephone_ISS_ACS.ApiGateWay\Telephone_ISS_ACS.ApiGateWay.csproj", "{C2815B17-56D5-43EA-9358-3189E3BC728F}"
EndProject
Project("{2150E333-8FDC-42A3-9474-1A3956D46DE8}") = "Services", "Services", "{9D671001-EBC1-44A7-B10D-A2A86580701B}"
EndProject
Project("{2150E333-8FDC-42A3-9474-1A3956D46DE8}") = "Tests", "Tests", "{B42C9825-4FF4-4C5A-8ADF-69175973110B}"
EndProject
Project("{2150E333-8FDC-42A3-9474-1A3956D46DE8}") = "UI", "UI", "{93E48F83-5D83-4F9B-9E0C-9F858F5882E1}"
EndProject
Project("{2150E333-8FDC-42A3-9474-1A3956D46DE8}") = "ReportService", "ReportService", "{1C8C7E7B-E784-4534-B676-2B8FE1E46436}"
EndProject
Project("{2150E333-8FDC-42A3-9474-1A3956D46DE8}") = "UserService", "UserService", "{E93137A1-C51D-4A79-A3BE-9A6F9C1CE8C8}"
EndProject
Project("{2150E333-8FDC-42A3-9474-1A3956D46DE8}") = "BusConfigurator", "BusConfigurator", "{DBD82DA2-AE69-4A67-8A74-568C688F5680}"
EndProject
Project("{9A19103F-16F7-4668-BE54-9A1E7A4F7556}") = "Telephone_ISS_ACS.ReportService.PresentationLayer", "Telephone_ISS_ACS.ReportService.PresentationLayer\Telephone_ISS_ACS.ReportService.PresentationLayer.csproj", "{8D4FD6A2-DB7B-45DF-877C-B7059AA2E9AA}"
EndProject
Project("{9A19103F-16F7-4668-BE54-9A1E7A4F7556}") = "Telephone_ISS_ACS.ReportService.BusinessLayer", "Telephone_ISS_ACS.ReportService.BusinessLayer\Telephone_ISS_ACS.ReportService.BusinessLayer.csproj", "{FA906700-B3AB-4C49-8B01-3C172F434390}"
EndProject
Project("{9A19103F-16F7-4668-BE54-9A1E7A4F7556}") = "Telephone_ISS_ACS.ReportService.DataAccessLayer", "Telephone_ISS_ACS.ReportService.DataAccessLayer\Telephone_ISS_ACS.ReportService.DataAccessLayer.csproj", "{F470BC72-9209-40FC-8BE3-EC0AE4CE46BC}"
EndProject
Project("{9A19103F-16F7-4668-BE54-9A1E7A4F7556}") = "ReportConsumerConsole", "ReportConsumerConsole\ReportConsumerConsole.csproj", "{72FF27BC-C91C-4C1E-AB2F-85D4E4E24366}"
EndProject
Project("{9A19103F-16F7-4668-BE54-9A1E7A4F7556}") = "Telephone_ISS_ACS_UserService.PresentationLayer", "Telephone_ISS_ACS_UserService.PresentationLayer\Telephone_ISS_ACS_UserService.PresentationLayer.csproj", "{1537EEDF-681F-4283-B9F3-05ED717964A8}"
EndProject
Project("{9A19103F-16F7-4668-BE54-9A1E7A4F7556}") = "Telephone_ISS_ACS.UserService.BusinessLayer", "Telephone_ISS_ACS.UserService.BusinessLayer\Telephone_ISS_ACS.UserService.BusinessLayer.csproj", "{99F01174-924E-4CDD-B8C7-38EE447BE19B}"
EndProject
Project("{9A19103F-16F7-4668-BE54-9A1E7A4F7556}") = "Telephone_ISS_ACS.UserService.DataAccessLayer", "Telephone_ISS_ACS.UserService.DataAccessLayer\Telephone_ISS_ACS.UserService.DataAccessLayer.csproj", "{E422E90E-771C-47A9-85BC-8FCA3029DEF3}"
EndProject
Project("{9A19103F-16F7-4668-BE54-9A1E7A4F7556}") = "Telephone_ISS_ACS.Tests", "Telephone_ISS_ACS.Tests\Telephone_ISS_ACS.Tests.csproj", "{DB06CBE8-A89B-45AD-A757-08FF41E23CBF}"
EndProject
Project("{9A19103F-16F7-4668-BE54-9A1E7A4F7556}") = "Telephone_ISS_ACS.UI", "Telephone_ISS_ACS.UI\Telephone_ISS_ACS.UI.csproj", "{85C06FB5-3D84-483E-8E92-89817979F982}"
EndProject
Global
	GlobalSection(SolutionConfigurationPlatforms) = preSolution
		Debug|Any CPU = Debug|Any CPU
		Release|Any CPU = Release|Any CPU
	EndGlobalSection
	GlobalSection(ProjectConfigurationPlatforms) = postSolution
		{C2815B17-56D5-43EA-9358-3189E3BC728F}.Debug|Any CPU.ActiveCfg = Debug|Any CPU
		{C2815B17-56D5-43EA-9358-3189E3BC728F}.Debug|Any CPU.Build.0 = Debug|Any CPU
		{C2815B17-56D5-43EA-9358-3189E3BC728F}.Release|Any CPU.ActiveCfg = Release|Any CPU
		{C2815B17-56D5-43EA-9358-3189E3BC728F}.Release|Any CPU.Build.0 = Release|Any CPU
		{8D4FD6A2-DB7B-45DF-877C-B7059AA2E9AA}.Debug|Any CPU.ActiveCfg = Debug|Any CPU
		{8D4FD6A2-DB7B-45DF-877C-B7059AA2E9AA}.Debug|Any CPU.Build.0 = Debug|Any CPU
		{8D4FD6A2-DB7B-45DF-877C-B7059AA2E9AA}.Release|Any CPU.ActiveCfg = Release|Any CPU
		{8D4FD6A2-DB7B-45DF-877C-B7059AA2E9AA}.Release|Any CPU.Build.0 = Release|Any CPU
		{FA906700-B3AB-4C49-8B01-3C172F434390}.Debug|Any CPU.ActiveCfg = Debug|Any CPU
		{FA906700-B3AB-4C49-8B01-3C172F434390}.Debug|Any CPU.Build.0 = Debug|Any CPU
		{FA906700-B3AB-4C49-8B01-3C172F434390}.Release|Any CPU.ActiveCfg = Release|Any CPU
		{FA906700-B3AB-4C49-8B01-3C172F434390}.Release|Any CPU.Build.0 = Release|Any CPU
		{F470BC72-9209-40FC-8BE3-EC0AE4CE46BC}.Debug|Any CPU.ActiveCfg = Debug|Any CPU
		{F470BC72-9209-40FC-8BE3-EC0AE4CE46BC}.Debug|Any CPU.Build.0 = Debug|Any CPU
		{F470BC72-9209-40FC-8BE3-EC0AE4CE46BC}.Release|Any CPU.ActiveCfg = Release|Any CPU
		{F470BC72-9209-40FC-8BE3-EC0AE4CE46BC}.Release|Any CPU.Build.0 = Release|Any CPU
		{72FF27BC-C91C-4C1E-AB2F-85D4E4E24366}.Debug|Any CPU.ActiveCfg = Debug|Any CPU
		{72FF27BC-C91C-4C1E-AB2F-85D4E4E24366}.Debug|Any CPU.Build.0 = Debug|Any CPU
		{72FF27BC-C91C-4C1E-AB2F-85D4E4E24366}.Release|Any CPU.ActiveCfg = Release|Any CPU
		{72FF27BC-C91C-4C1E-AB2F-85D4E4E24366}.Release|Any CPU.Build.0 = Release|Any CPU
		{1537EEDF-681F-4283-B9F3-05ED717964A8}.Debug|Any CPU.ActiveCfg = Debug|Any CPU
		{1537EEDF-681F-4283-B9F3-05ED717964A8}.Debug|Any CPU.Build.0 = Debug|Any CPU
		{1537EEDF-681F-4283-B9F3-05ED717964A8}.Release|Any CPU.ActiveCfg = Release|Any CPU
		{1537EEDF-681F-4283-B9F3-05ED717964A8}.Release|Any CPU.Build.0 = Release|Any CPU
		{99F01174-924E-4CDD-B8C7-38EE447BE19B}.Debug|Any CPU.ActiveCfg = Debug|Any CPU
		{99F01174-924E-4CDD-B8C7-38EE447BE19B}.Debug|Any CPU.Build.0 = Debug|Any CPU
		{99F01174-924E-4CDD-B8C7-38EE447BE19B}.Release|Any CPU.ActiveCfg = Release|Any CPU
		{99F01174-924E-4CDD-B8C7-38EE447BE19B}.Release|Any CPU.Build.0 = Release|Any CPU
		{E422E90E-771C-47A9-85BC-8FCA3029DEF3}.Debug|Any CPU.ActiveCfg = Debug|Any CPU
		{E422E90E-771C-47A9-85BC-8FCA3029DEF3}.Debug|Any CPU.Build.0 = Debug|Any CPU
		{E422E90E-771C-47A9-85BC-8FCA3029DEF3}.Release|Any CPU.ActiveCfg = Release|Any CPU
		{E422E90E-771C-47A9-85BC-8FCA3029DEF3}.Release|Any CPU.Build.0 = Release|Any CPU
		{DB06CBE8-A89B-45AD-A757-08FF41E23CBF}.Debug|Any CPU.ActiveCfg = Debug|Any CPU
		{DB06CBE8-A89B-45AD-A757-08FF41E23CBF}.Debug|Any CPU.Build.0 = Debug|Any CPU
		{DB06CBE8-A89B-45AD-A757-08FF41E23CBF}.Release|Any CPU.ActiveCfg = Release|Any CPU
		{DB06CBE8-A89B-45AD-A757-08FF41E23CBF}.Release|Any CPU.Build.0 = Release|Any CPU
		{85C06FB5-3D84-483E-8E92-89817979F982}.Debug|Any CPU.ActiveCfg = Debug|Any CPU
		{85C06FB5-3D84-483E-8E92-89817979F982}.Debug|Any CPU.Build.0 = Debug|Any CPU
		{85C06FB5-3D84-483E-8E92-89817979F982}.Release|Any CPU.ActiveCfg = Release|Any CPU
		{85C06FB5-3D84-483E-8E92-89817979F982}.Release|Any CPU.Build.0 = Release|Any CPU
	EndGlobalSection
	GlobalSection(SolutionProperties) = preSolution
		HideSolutionNode = FALSE
	EndGlobalSection
	GlobalSection(NestedProjects) = preSolution
		{C2815B17-56D5-43EA-9358-3189E3BC728F} = {83CEF6C0-1339-41C1-A47E-D583F1A665CC}
		{1C8C7E7B-E784-4534-B676-2B8FE1E46436} = {9D671001-EBC1-44A7-B10D-A2A86580701B}
		{E93137A1-C51D-4A79-A3BE-9A6F9C1CE8C8} = {9D671001-EBC1-44A7-B10D-A2A86580701B}
		{DBD82DA2-AE69-4A67-8A74-568C688F5680} = {1C8C7E7B-E784-4534-B676-2B8FE1E46436}
		{8D4FD6A2-DB7B-45DF-877C-B7059AA2E9AA} = {1C8C7E7B-E784-4534-B676-2B8FE1E46436}
		{FA906700-B3AB-4C49-8B01-3C172F434390} = {1C8C7E7B-E784-4534-B676-2B8FE1E46436}
		{F470BC72-9209-40FC-8BE3-EC0AE4CE46BC} = {1C8C7E7B-E784-4534-B676-2B8FE1E46436}
		{72FF27BC-C91C-4C1E-AB2F-85D4E4E24366} = {DBD82DA2-AE69-4A67-8A74-568C688F5680}
		{1537EEDF-681F-4283-B9F3-05ED717964A8} = {E93137A1-C51D-4A79-A3BE-9A6F9C1CE8C8}
		{99F01174-924E-4CDD-B8C7-38EE447BE19B} = {E93137A1-C51D-4A79-A3BE-9A6F9C1CE8C8}
		{E422E90E-771C-47A9-85BC-8FCA3029DEF3} = {E93137A1-C51D-4A79-A3BE-9A6F9C1CE8C8}
		{DB06CBE8-A89B-45AD-A757-08FF41E23CBF} = {B42C9825-4FF4-4C5A-8ADF-69175973110B}
		{85C06FB5-3D84-483E-8E92-89817979F982} = {93E48F83-5D83-4F9B-9E0C-9F858F5882E1}
	EndGlobalSection
	GlobalSection(ExtensibilityGlobals) = postSolution
		SolutionGuid = {8160E0FB-2F9F-4BB7-BF31-9F2BA42A6162}
	EndGlobalSection
EndGlobal
